// !$*UTF8*$!
{
	archiveVersion = 1;
	classes = {
	};
	objectVersion = 50;
	objects = {

/* Begin PBXBuildFile section */
		BF19648E219676320062432F /* ShadowView.swift in Sources */ = {isa = PBXBuildFile; fileRef = BF19648D219676320062432F /* ShadowView.swift */; };
		BF196490219683580062432F /* BarEntry.swift in Sources */ = {isa = PBXBuildFile; fileRef = BF19648F219683580062432F /* BarEntry.swift */; };
		BF80B8C62196B64400D0AD43 /* SliderControl.swift in Sources */ = {isa = PBXBuildFile; fileRef = BF80B8C52196B64400D0AD43 /* SliderControl.swift */; };
		BF8979C221A9223B00DD705F /* RadarView.swift in Sources */ = {isa = PBXBuildFile; fileRef = BF8979C121A9223B00DD705F /* RadarView.swift */; };
		BFB7B9DB2195D46A003EB739 /* LineChart.swift in Sources */ = {isa = PBXBuildFile; fileRef = BFB7B9DA2195D46A003EB739 /* LineChart.swift */; };
		BFD3EC1B2197DD48006B9C6D /* SliderThumbLayer.swift in Sources */ = {isa = PBXBuildFile; fileRef = BFD3EC1A2197DD48006B9C6D /* SliderThumbLayer.swift */; };
		BFD3EC1D2197E2B3006B9C6D /* SliderTrackLayer.swift in Sources */ = {isa = PBXBuildFile; fileRef = BFD3EC1C2197E2B3006B9C6D /* SliderTrackLayer.swift */; };
		BFF8C598219481600088C595 /* AppDelegate.swift in Sources */ = {isa = PBXBuildFile; fileRef = BFF8C597219481600088C595 /* AppDelegate.swift */; };
		BFF8C59A219481600088C595 /* ViewController.swift in Sources */ = {isa = PBXBuildFile; fileRef = BFF8C599219481600088C595 /* ViewController.swift */; };
		BFF8C59D219481600088C595 /* Main.storyboard in Resources */ = {isa = PBXBuildFile; fileRef = BFF8C59B219481600088C595 /* Main.storyboard */; };
		BFF8C59F219481620088C595 /* Assets.xcassets in Resources */ = {isa = PBXBuildFile; fileRef = BFF8C59E219481620088C595 /* Assets.xcassets */; };
		BFF8C5A2219481620088C595 /* LaunchScreen.storyboard in Resources */ = {isa = PBXBuildFile; fileRef = BFF8C5A0219481620088C595 /* LaunchScreen.storyboard */; };
/* End PBXBuildFile section */

/* Begin PBXFileReference section */
		BF19648D219676320062432F /* ShadowView.swift */ = {isa = PBXFileReference; lastKnownFileType = sourcecode.swift; path = ShadowView.swift; sourceTree = "<group>"; };
		BF19648F219683580062432F /* BarEntry.swift */ = {isa = PBXFileReference; lastKnownFileType = sourcecode.swift; path = BarEntry.swift; sourceTree = "<group>"; };
		BF80B8C52196B64400D0AD43 /* SliderControl.swift */ = {isa = PBXFileReference; lastKnownFileType = sourcecode.swift; path = SliderControl.swift; sourceTree = "<group>"; };
		BF8979C121A9223B00DD705F /* RadarView.swift */ = {isa = PBXFileReference; lastKnownFileType = sourcecode.swift; path = RadarView.swift; sourceTree = "<group>"; };
		BFB7B9DA2195D46A003EB739 /* LineChart.swift */ = {isa = PBXFileReference; lastKnownFileType = sourcecode.swift; path = LineChart.swift; sourceTree = "<group>"; };
		BFD3EC1A2197DD48006B9C6D /* SliderThumbLayer.swift */ = {isa = PBXFileReference; lastKnownFileType = sourcecode.swift; path = SliderThumbLayer.swift; sourceTree = "<group>"; };
		BFD3EC1C2197E2B3006B9C6D /* SliderTrackLayer.swift */ = {isa = PBXFileReference; lastKnownFileType = sourcecode.swift; path = SliderTrackLayer.swift; sourceTree = "<group>"; };
		BFF8C594219481600088C595 /* ChartDemo.app */ = {isa = PBXFileReference; explicitFileType = wrapper.application; includeInIndex = 0; path = ChartDemo.app; sourceTree = BUILT_PRODUCTS_DIR; };
		BFF8C597219481600088C595 /* AppDelegate.swift */ = {isa = PBXFileReference; lastKnownFileType = sourcecode.swift; path = AppDelegate.swift; sourceTree = "<group>"; };
		BFF8C599219481600088C595 /* ViewController.swift */ = {isa = PBXFileReference; lastKnownFileType = sourcecode.swift; path = ViewController.swift; sourceTree = "<group>"; };
		BFF8C59C219481600088C595 /* Base */ = {isa = PBXFileReference; lastKnownFileType = file.storyboard; name = Base; path = Base.lproj/Main.storyboard; sourceTree = "<group>"; };
		BFF8C59E219481620088C595 /* Assets.xcassets */ = {isa = PBXFileReference; lastKnownFileType = folder.assetcatalog; path = Assets.xcassets; sourceTree = "<group>"; };
		BFF8C5A1219481620088C595 /* Base */ = {isa = PBXFileReference; lastKnownFileType = file.storyboard; name = Base; path = Base.lproj/LaunchScreen.storyboard; sourceTree = "<group>"; };
		BFF8C5A3219481620088C595 /* Info.plist */ = {isa = PBXFileReference; lastKnownFileType = text.plist.xml; path = Info.plist; sourceTree = "<group>"; };
/* End PBXFileReference section */

/* Begin PBXFrameworksBuildPhase section */
		BFF8C591219481600088C595 /* Frameworks */ = {
			isa = PBXFrameworksBuildPhase;
			buildActionMask = 2147483647;
			files = (
			);
			runOnlyForDeploymentPostprocessing = 0;
		};
/* End PBXFrameworksBuildPhase section */

/* Begin PBXGroup section */
		BF8979BE21A9220400DD705F /* RadarView */ = {
			isa = PBXGroup;
			children = (
				BF8979C121A9223B00DD705F /* RadarView.swift */,
			);
			path = RadarView;
			sourceTree = "<group>";
		};
		BF8979BF21A9221300DD705F /* SliderControl */ = {
			isa = PBXGroup;
			children = (
				BF80B8C52196B64400D0AD43 /* SliderControl.swift */,
				BFD3EC1A2197DD48006B9C6D /* SliderThumbLayer.swift */,
				BFD3EC1C2197E2B3006B9C6D /* SliderTrackLayer.swift */,
			);
			path = SliderControl;
			sourceTree = "<group>";
		};
		BF8979C021A9222000DD705F /* LineChart */ = {
			isa = PBXGroup;
			children = (
				BFB7B9DA2195D46A003EB739 /* LineChart.swift */,
				BF19648D219676320062432F /* ShadowView.swift */,
				BF19648F219683580062432F /* BarEntry.swift */,
			);
			path = LineChart;
			sourceTree = "<group>";
		};
		BFF8C58B219481600088C595 = {
			isa = PBXGroup;
			children = (
				BFF8C596219481600088C595 /* ChartDemo */,
				BFF8C595219481600088C595 /* Products */,
			);
			sourceTree = "<group>";
		};
		BFF8C595219481600088C595 /* Products */ = {
			isa = PBXGroup;
			children = (
				BFF8C594219481600088C595 /* ChartDemo.app */,
			);
			name = Products;
			sourceTree = "<group>";
		};
		BFF8C596219481600088C595 /* ChartDemo */ = {
			isa = PBXGroup;
			children = (
				BFF8C597219481600088C595 /* AppDelegate.swift */,
				BFF8C599219481600088C595 /* ViewController.swift */,
				BFF8C59B219481600088C595 /* Main.storyboard */,
				BFF8C59E219481620088C595 /* Assets.xcassets */,
				BFF8C5A0219481620088C595 /* LaunchScreen.storyboard */,
				BFF8C5A3219481620088C595 /* Info.plist */,
				BF8979BE21A9220400DD705F /* RadarView */,
				BF8979C021A9222000DD705F /* LineChart */,
				BF8979BF21A9221300DD705F /* SliderControl */,
			);
			path = ChartDemo;
			sourceTree = "<group>";
		};
/* End PBXGroup section */

/* Begin PBXNativeTarget section */
		BFF8C593219481600088C595 /* ChartDemo */ = {
			isa = PBXNativeTarget;
			buildConfigurationList = BFF8C5A6219481620088C595 /* Build configuration list for PBXNativeTarget "ChartDemo" */;
			buildPhases = (
				BFF8C590219481600088C595 /* Sources */,
				BFF8C591219481600088C595 /* Frameworks */,
				BFF8C592219481600088C595 /* Resources */,
			);
			buildRules = (
			);
			dependencies = (
			);
			name = ChartDemo;
			productName = ChartDemo;
			productReference = BFF8C594219481600088C595 /* ChartDemo.app */;
			productType = "com.apple.product-type.application";
		};
/* End PBXNativeTarget section */

/* Begin PBXProject section */
		BFF8C58C219481600088C595 /* Project object */ = {
			isa = PBXProject;
			attributes = {
				LastSwiftUpdateCheck = 1000;
				LastUpgradeCheck = 1000;
				ORGANIZATIONNAME = "Bao Nguyen";
				TargetAttributes = {
					BFF8C593219481600088C595 = {
						CreatedOnToolsVersion = 10.0;
					};
				};
			};
			buildConfigurationList = BFF8C58F219481600088C595 /* Build configuration list for PBXProject "ChartDemo" */;
			compatibilityVersion = "Xcode 9.3";
			developmentRegion = en;
			hasScannedForEncodings = 0;
			knownRegions = (
				en,
				Base,
			);
			mainGroup = BFF8C58B219481600088C595;
			productRefGroup = BFF8C595219481600088C595 /* Products */;
			projectDirPath = "";
			projectRoot = "";
			targets = (
				BFF8C593219481600088C595 /* ChartDemo */,
			);
		};
/* End PBXProject section */

/* Begin PBXResourcesBuildPhase section */
		BFF8C592219481600088C595 /* Resources */ = {
			isa = PBXResourcesBuildPhase;
			buildActionMask = 2147483647;
			files = (
				BFF8C5A2219481620088C595 /* LaunchScreen.storyboard in Resources */,
				BFF8C59F219481620088C595 /* Assets.xcassets in Resources */,
				BFF8C59D219481600088C595 /* Main.storyboard in Resources */,
			);
			runOnlyForDeploymentPostprocessing = 0;
		};
/* End PBXResourcesBuildPhase section */

/* Begin PBXSourcesBuildPhase section */
		BFF8C590219481600088C595 /* Sources */ = {
			isa = PBXSourcesBuildPhase;
			buildActionMask = 2147483647;
			files = (
				BF196490219683580062432F /* BarEntry.swift in Sources */,
				BF19648E219676320062432F /* ShadowView.swift in Sources */,
				BFF8C59A219481600088C595 /* ViewController.swift in Sources */,
				BFF8C598219481600088C595 /* AppDelegate.swift in Sources */,
				BF8979C221A9223B00DD705F /* RadarView.swift in Sources */,
				BF80B8C62196B64400D0AD43 /* SliderControl.swift in Sources */,
				BFB7B9DB2195D46A003EB739 /* LineChart.swift in Sources */,
				BFD3EC1D2197E2B3006B9C6D /* SliderTrackLayer.swift in Sources */,
				BFD3EC1B2197DD48006B9C6D /* SliderThumbLayer.swift in Sources */,
			);
			runOnlyForDeploymentPostprocessing = 0;
		};
/* End PBXSourcesBuildPhase section */

/* Begin PBXVariantGroup section */
		BFF8C59B219481600088C595 /* Main.storyboard */ = {
			isa = PBXVariantGroup;
			children = (
				BFF8C59C219481600088C595 /* Base */,
			);
			name = Main.storyboard;
			sourceTree = "<group>";
		};
		BFF8C5A0219481620088C595 /* LaunchScreen.storyboard */ = {
			isa = PBXVariantGroup;
			children = (
				BFF8C5A1219481620088C595 /* Base */,
			);
			name = LaunchScreen.storyboard;
			sourceTree = "<group>";
		};
/* End PBXVariantGroup section */

/* Begin XCBuildConfiguration section */
		BFF8C5A4219481620088C595 /* Debug */ = {
			isa = XCBuildConfiguration;
			buildSettings = {
				ALWAYS_SEARCH_USER_PATHS = NO;
				CLANG_ANALYZER_NONNULL = YES;
				CLANG_ANALYZER_NUMBER_OBJECT_CONVERSION = YES_AGGRESSIVE;
				CLANG_CXX_LANGUAGE_STANDARD = "gnu++14";
				CLANG_CXX_LIBRARY = "libc++";
				CLANG_ENABLE_MODULES = YES;
				CLANG_ENABLE_OBJC_ARC = YES;
				CLANG_ENABLE_OBJC_WEAK = YES;
				CLANG_WARN_BLOCK_CAPTURE_AUTORELEASING = YES;
				CLANG_WARN_BOOL_CONVERSION = YES;
				CLANG_WARN_COMMA = YES;
				CLANG_WARN_CONSTANT_CONVERSION = YES;
				CLANG_WARN_DEPRECATED_OBJC_IMPLEMENTATIONS = YES;
				CLANG_WARN_DIRECT_OBJC_ISA_USAGE = YES_ERROR;
				CLANG_WARN_DOCUMENTATION_COMMENTS = YES;
				CLANG_WARN_EMPTY_BODY = YES;
				CLANG_WARN_ENUM_CONVERSION = YES;
				CLANG_WARN_INFINITE_RECURSION = YES;
				CLANG_WARN_INT_CONVERSION = YES;
				CLANG_WARN_NON_LITERAL_NULL_CONVERSION = YES;
				CLANG_WARN_OBJC_IMPLICIT_RETAIN_SELF = YES;
				CLANG_WARN_OBJC_LITERAL_CONVERSION = YES;
				CLANG_WARN_OBJC_ROOT_CLASS = YES_ERROR;
				CLANG_WARN_RANGE_LOOP_ANALYSIS = YES;
				CLANG_WARN_STRICT_PROTOTYPES = YES;
				CLANG_WARN_SUSPICIOUS_MOVE = YES;
				CLANG_WARN_UNGUARDED_AVAILABILITY = YES_AGGRESSIVE;
				CLANG_WARN_UNREACHABLE_CODE = YES;
				CLANG_WARN__DUPLICATE_METHOD_MATCH = YES;
				CODE_SIGN_IDENTITY = "iPhone Developer";
				COPY_PHASE_STRIP = NO;
				DEBUG_INFORMATION_FORMAT = dwarf;
				ENABLE_STRICT_OBJC_MSGSEND = YES;
				ENABLE_TESTABILITY = YES;
				GCC_C_LANGUAGE_STANDARD = gnu11;
				GCC_DYNAMIC_NO_PIC = NO;
				GCC_NO_COMMON_BLOCKS = YES;
				GCC_OPTIMIZATION_LEVEL = 0;
				GCC_PREPROCESSOR_DEFINITIONS = (
					"DEBUG=1",
					"$(inherited)",
				);
				GCC_WARN_64_TO_32_BIT_CONVERSION = YES;
				GCC_WARN_ABOUT_RETURN_TYPE = YES_ERROR;
				GCC_WARN_UNDECLARED_SELECTOR = YES;
				GCC_WARN_UNINITIALIZED_AUTOS = YES_AGGRESSIVE;
				GCC_WARN_UNUSED_FUNCTION = YES;
				GCC_WARN_UNUSED_VARIABLE = YES;
				IPHONEOS_DEPLOYMENT_TARGET = 12.0;
				MTL_ENABLE_DEBUG_INFO = INCLUDE_SOURCE;
				MTL_FAST_MATH = YES;
				ONLY_ACTIVE_ARCH = YES;
				SDKROOT = iphoneos;
				SWIFT_ACTIVE_COMPILATION_CONDITIONS = DEBUG;
				SWIFT_OPTIMIZATION_LEVEL = "-Onone";
			};
			name = Debug;
		};
		BFF8C5A5219481620088C595 /* Release */ = {
			isa = XCBuildConfiguration;
			buildSettings = {
				ALWAYS_SEARCH_USER_PATHS = NO;
				CLANG_ANALYZER_NONNULL = YES;
				CLANG_ANALYZER_NUMBER_OBJECT_CONVERSION = YES_AGGRESSIVE;
				CLANG_CXX_LANGUAGE_STANDARD = "gnu++14";
				CLANG_CXX_LIBRARY = "libc++";
				CLANG_ENABLE_MODULES = YES;
				CLANG_ENABLE_OBJC_ARC = YES;
				CLANG_ENABLE_OBJC_WEAK = YES;
				CLANG_WARN_BLOCK_CAPTURE_AUTORELEASING = YES;
				CLANG_WARN_BOOL_CONVERSION = YES;
				CLANG_WARN_COMMA = YES;
				CLANG_WARN_CONSTANT_CONVERSION = YES;
				CLANG_WARN_DEPRECATED_OBJC_IMPLEMENTATIONS = YES;
				CLANG_WARN_DIRECT_OBJC_ISA_USAGE = YES_ERROR;
				CLANG_WARN_DOCUMENTATION_COMMENTS = YES;
				CLANG_WARN_EMPTY_BODY = YES;
				CLANG_WARN_ENUM_CONVERSION = YES;
				CLANG_WARN_INFINITE_RECURSION = YES;
				CLANG_WARN_INT_CONVERSION = YES;
				CLANG_WARN_NON_LITERAL_NULL_CONVERSION = YES;
				CLANG_WARN_OBJC_IMPLICIT_RETAIN_SELF = YES;
				CLANG_WARN_OBJC_LITERAL_CONVERSION = YES;
				CLANG_WARN_OBJC_ROOT_CLASS = YES_ERROR;
				CLANG_WARN_RANGE_LOOP_ANALYSIS = YES;
				CLANG_WARN_STRICT_PROTOTYPES = YES;
				CLANG_WARN_SUSPICIOUS_MOVE = YES;
				CLANG_WARN_UNGUARDED_AVAILABILITY = YES_AGGRESSIVE;
				CLANG_WARN_UNREACHABLE_CODE = YES;
				CLANG_WARN__DUPLICATE_METHOD_MATCH = YES;
				CODE_SIGN_IDENTITY = "iPhone Developer";
				COPY_PHASE_STRIP = NO;
				DEBUG_INFORMATION_FORMAT = "dwarf-with-dsym";
				ENABLE_NS_ASSERTIONS = NO;
				ENABLE_STRICT_OBJC_MSGSEND = YES;
				GCC_C_LANGUAGE_STANDARD = gnu11;
				GCC_NO_COMMON_BLOCKS = YES;
				GCC_WARN_64_TO_32_BIT_CONVERSION = YES;
				GCC_WARN_ABOUT_RETURN_TYPE = YES_ERROR;
				GCC_WARN_UNDECLARED_SELECTOR = YES;
				GCC_WARN_UNINITIALIZED_AUTOS = YES_AGGRESSIVE;
				GCC_WARN_UNUSED_FUNCTION = YES;
				GCC_WARN_UNUSED_VARIABLE = YES;
				IPHONEOS_DEPLOYMENT_TARGET = 12.0;
				MTL_ENABLE_DEBUG_INFO = NO;
				MTL_FAST_MATH = YES;
				SDKROOT = iphoneos;
				SWIFT_COMPILATION_MODE = wholemodule;
				SWIFT_OPTIMIZATION_LEVEL = "-O";
				VALIDATE_PRODUCT = YES;
			};
			name = Release;
		};
		BFF8C5A7219481620088C595 /* Debug */ = {
			isa = XCBuildConfiguration;
			buildSettings = {
				ASSETCATALOG_COMPILER_APPICON_NAME = AppIcon;
				CODE_SIGN_STYLE = Automatic;
				DEVELOPMENT_TEAM = 4X4ZDEX56P;
				INFOPLIST_FILE = ChartDemo/Info.plist;
				IPHONEOS_DEPLOYMENT_TARGET = 9.0;
				LD_RUNPATH_SEARCH_PATHS = (
					"$(inherited)",
					"@executable_path/Frameworks",
				);
				PRODUCT_BUNDLE_IDENTIFIER = com.baon.ChartDemo;
				PRODUCT_NAME = "$(TARGET_NAME)";
				SWIFT_VERSION = 4.2;
				TARGETED_DEVICE_FAMILY = "1,2";
			};
			name = Debug;
		};
		BFF8C5A8219481620088C595 /* Release */ = {
			isa = XCBuildConfiguration;
			buildSettings = {
				ASSETCATALOG_COMPILER_APPICON_NAME = AppIcon;
				CODE_SIGN_STYLE = Automatic;
				DEVELOPMENT_TEAM = 4X4ZDEX56P;
				INFOPLIST_FILE = ChartDemo/Info.plist;
				IPHONEOS_DEPLOYMENT_TARGET = 9.0;
				LD_RUNPATH_SEARCH_PATHS = (
					"$(inherited)",
					"@executable_path/Frameworks",
				);
				PRODUCT_BUNDLE_IDENTIFIER = com.baon.ChartDemo;
				PRODUCT_NAME = "$(TARGET_NAME)";
				SWIFT_VERSION = 4.2;
				TARGETED_DEVICE_FAMILY = "1,2";
			};
			name = Release;
		};
/* End XCBuildConfiguration section */

/* Begin XCConfigurationList section */
		BFF8C58F219481600088C595 /* Build configuration list for PBXProject "ChartDemo" */ = {
			isa = XCConfigurationList;
			buildConfigurations = (
				BFF8C5A4219481620088C595 /* Debug */,
				BFF8C5A5219481620088C595 /* Release */,
			);
			defaultConfigurationIsVisible = 0;
			defaultConfigurationName = Release;
		};
		BFF8C5A6219481620088C595 /* Build configuration list for PBXNativeTarget "ChartDemo" */ = {
			isa = XCConfigurationList;
			buildConfigurations = (
				BFF8C5A7219481620088C595 /* Debug */,
				BFF8C5A8219481620088C595 /* Release */,
			);
			defaultConfigurationIsVisible = 0;
			defaultConfigurationName = Release;
		};
/* End XCConfigurationList section */
	};
	rootObject = BFF8C58C219481600088C595 /* Project object */;
}
